
Microsoft Visual Studio Solution File, Format Version 12.00
# 
Project("{FAE04EC0-301F-11D3-BF4B-00C04F79EFBC}") = "BidCalculatorAPI", "BidCalculatorAPI\BidCalculatorAPI.csproj", "{887416B5-BF54-41CE-9D59-EEBFA8799B6E}"
EndProject
Project("{FAE04EC0-301F-11D3-BF4B-00C04F79EFBC}") = "BidCalculatorAPI.Tests", "BidCalculatorAPI.Tests\BidCalculatorAPI.Tests.csproj", "{A76548F0-8ADD-4F9E-9E82-39528CA0DC4B}"
EndProject
Global
	GlobalSection(SolutionConfigurationPlatforms) = preSolution
		Debug|Any CPU = Debug|Any CPU
		Release|Any CPU = Release|Any CPU
	EndGlobalSection
	GlobalSection(ProjectConfigurationPlatforms) = postSolution
		{887416B5-BF54-41CE-9D59-EEBFA8799B6E}.Debug|Any CPU.ActiveCfg = Debug|Any CPU
		{887416B5-BF54-41CE-9D59-EEBFA8799B6E}.Debug|Any CPU.Build.0 = Debug|Any CPU
		{887416B5-BF54-41CE-9D59-EEBFA8799B6E}.Release|Any CPU.ActiveCfg = Release|Any CPU
		{887416B5-BF54-41CE-9D59-EEBFA8799B6E}.Release|Any CPU.Build.0 = Release|Any CPU
		{A76548F0-8ADD-4F9E-9E82-39528CA0DC4B}.Debug|Any CPU.ActiveCfg = Debug|Any CPU
		{A76548F0-8ADD-4F9E-9E82-39528CA0DC4B}.Debug|Any CPU.Build.0 = Debug|Any CPU
		{A76548F0-8ADD-4F9E-9E82-39528CA0DC4B}.Release|Any CPU.ActiveCfg = Release|Any CPU
		{A76548F0-8ADD-4F9E-9E82-39528CA0DC4B}.Release|Any CPU.Build.0 = Release|Any CPU
	EndGlobalSection
EndGlobal
